schema: '2.0'
stages:
  data_split:
    cmd: python src/data_split.py
    deps:
    - path: src/data_split.py
      md5: 1f0647d7bbc5535821086ac6fabe6a1a
      size: 1327
    params:
      params.yaml:
        base.random_state: 47
        data_source.local_path: https://raw.githubusercontent.com/TripathiAshutosh/dataset/main/red_wine.csv
        split.split_ratio: 0.2
    outs:
    - path: data/split
      md5: fb8afee627054aa7017e10d22457ce49.dir
      size: 93746
      nfiles: 2
  data_processing:
    cmd: python src/data_processing.py data/processed
    deps:
    - path: data/split
      md5: fb8afee627054aa7017e10d22457ce49.dir
      size: 93746
      nfiles: 2
    - path: src/data_processing.py
      md5: f9328a5ce9fd23dd845fcd06de47cfea
      size: 1447
    params:
      params.yaml:
        process.dir: data/processed
        process.test_file: final_test.csv
        process.train_file: final_train.csv
        split.dir: data/split
        split.test_file: test.csv
        split.train_file: train.csv
    outs:
    - path: data/processed
      md5: 95aa4390deb4fc293e1d4f699a6d8a29.dir
      size: 93746
      nfiles: 2
  train:
    cmd: python src/train.py data/features model/model.pkl
    deps:
    - path: data/processed
      md5: 95aa4390deb4fc293e1d4f699a6d8a29.dir
      size: 93746
      nfiles: 2
    - path: src/train.py
      md5: 4d59858d9b2d40c0f73cf1eb068f64d7
      size: 2483
    params:
      params.yaml:
        base.random_state: 47
        base.target_col: quality
        model_dir: model
        process.dir: data/processed
        process.test_file: final_test.csv
        process.train_file: final_train.csv
        train.n_est: 10
    outs:
    - path: model/model.pkl
      md5: 1226ef6c8718551d6920a0eab414274c
      size: 151655
  evaluate:
    cmd: python src/evaluate.py model/model.pkl data/processed
    deps:
    - path: data/processed
      md5: 95aa4390deb4fc293e1d4f699a6d8a29.dir
      size: 93746
      nfiles: 2
    - path: model/model.pkl
      md5: 1226ef6c8718551d6920a0eab414274c
      size: 151655
    - path: src/evaluate.py
      md5: 5c35a4d54ca6096970a11be009f716fd
      size: 6953
    outs:
    - path: eval/importance.png
      md5: bbe5bd8d3a1d4512f81ef60ea256f5f0
      size: 19206
    - path: eval/live/metrics.json
      md5: ef77f46917c929d456be4eb268f40014
      size: 204
    - path: eval/live/plots
      md5: 02d470333a78c98b099c02d98e9bdc20.dir
      size: 106920
      nfiles: 4
    - path: eval/prc
      md5: f912197ec11c7ca7f9fc6992f9e6a116.dir
      size: 2961
      nfiles: 2
